// !$*UTF8*$!
{
	archiveVersion = 1;
	classes = {
	};
	objectVersion = 50;
	objects = {

/* Begin PBXBuildFile section */
		910408D82642FF7F00EB9EAA /* AppDelegate.swift in Sources */ = {isa = PBXBuildFile; fileRef = 910408D72642FF7F00EB9EAA /* AppDelegate.swift */; };
		910408DA2642FF7F00EB9EAA /* SceneDelegate.swift in Sources */ = {isa = PBXBuildFile; fileRef = 910408D92642FF7F00EB9EAA /* SceneDelegate.swift */; };
		910408DC2642FF7F00EB9EAA /* ViewController.swift in Sources */ = {isa = PBXBuildFile; fileRef = 910408DB2642FF7F00EB9EAA /* ViewController.swift */; };
		910408DF2642FF7F00EB9EAA /* Main.storyboard in Resources */ = {isa = PBXBuildFile; fileRef = 910408DD2642FF7F00EB9EAA /* Main.storyboard */; };
		910408E12642FF8000EB9EAA /* Assets.xcassets in Resources */ = {isa = PBXBuildFile; fileRef = 910408E02642FF8000EB9EAA /* Assets.xcassets */; };
		910408E42642FF8000EB9EAA /* LaunchScreen.storyboard in Resources */ = {isa = PBXBuildFile; fileRef = 910408E22642FF8000EB9EAA /* LaunchScreen.storyboard */; };
/* End PBXBuildFile section */

/* Begin PBXFileReference section */
		910408D42642FF7F00EB9EAA /* ios-assignment-it18117356.app */ = {isa = PBXFileReference; explicitFileType = wrapper.application; includeInIndex = 0; path = "ios-assignment-it18117356.app"; sourceTree = BUILT_PRODUCTS_DIR; };
		910408D72642FF7F00EB9EAA /* AppDelegate.swift */ = {isa = PBXFileReference; lastKnownFileType = sourcecode.swift; path = AppDelegate.swift; sourceTree = "<group>"; };
		910408D92642FF7F00EB9EAA /* SceneDelegate.swift */ = {isa = PBXFileReference; lastKnownFileType = sourcecode.swift; path = SceneDelegate.swift; sourceTree = "<group>"; };
		910408DB2642FF7F00EB9EAA /* ViewController.swift */ = {isa = PBXFileReference; lastKnownFileType = sourcecode.swift; path = ViewController.swift; sourceTree = "<group>"; };
		910408DE2642FF7F00EB9EAA /* Base */ = {isa = PBXFileReference; lastKnownFileType = file.storyboard; name = Base; path = Base.lproj/Main.storyboard; sourceTree = "<group>"; };
		910408E02642FF8000EB9EAA /* Assets.xcassets */ = {isa = PBXFileReference; lastKnownFileType = folder.assetcatalog; path = Assets.xcassets; sourceTree = "<group>"; };
		910408E32642FF8000EB9EAA /* Base */ = {isa = PBXFileReference; lastKnownFileType = file.storyboard; name = Base; path = Base.lproj/LaunchScreen.storyboard; sourceTree = "<group>"; };
		910408E52642FF8000EB9EAA /* Info.plist */ = {isa = PBXFileReference; lastKnownFileType = text.plist.xml; path = Info.plist; sourceTree = "<group>"; };
/* End PBXFileReference section */

/* Begin PBXFrameworksBuildPhase section */
		910408D12642FF7F00EB9EAA /* Frameworks */ = {
			isa = PBXFrameworksBuildPhase;
			buildActionMask = 2147483647;
			files = (
			);
			runOnlyForDeploymentPostprocessing = 0;
		};
/* End PBXFrameworksBuildPhase section */

/* Begin PBXGroup section */
		910408CB2642FF7F00EB9EAA = {
			isa = PBXGroup;
			children = (
				910408D62642FF7F00EB9EAA /* ios-assignment-it18117356 */,
				910408D52642FF7F00EB9EAA /* Products */,
			);
			sourceTree = "<group>";
		};
		910408D52642FF7F00EB9EAA /* Products */ = {
			isa = PBXGroup;
			children = (
				910408D42642FF7F00EB9EAA /* ios-assignment-it18117356.app */,
			);
			name = Products;
			sourceTree = "<group>";
		};
		910408D62642FF7F00EB9EAA /* ios-assignment-it18117356 */ = {
			isa = PBXGroup;
			children = (
				910408D72642FF7F00EB9EAA /* AppDelegate.swift */,
				910408D92642FF7F00EB9EAA /* SceneDelegate.swift */,
				910408DB2642FF7F00EB9EAA /* ViewController.swift */,
				910408DD2642FF7F00EB9EAA /* Main.storyboard */,
				910408E02642FF8000EB9EAA /* Assets.xcassets */,
				910408E22642FF8000EB9EAA /* LaunchScreen.storyboard */,
				910408E52642FF8000EB9EAA /* Info.plist */,
			);
			path = "ios-assignment-it18117356";
			sourceTree = "<group>";
		};
/* End PBXGroup section */

/* Begin PBXNativeTarget section */
		910408D32642FF7F00EB9EAA /* ios-assignment-it18117356 */ = {
			isa = PBXNativeTarget;
			buildConfigurationList = 910408E82642FF8000EB9EAA /* Build configuration list for PBXNativeTarget "ios-assignment-it18117356" */;
			buildPhases = (
				910408D02642FF7F00EB9EAA /* Sources */,
				910408D12642FF7F00EB9EAA /* Frameworks */,
				910408D22642FF7F00EB9EAA /* Resources */,
			);
			buildRules = (
			);
			dependencies = (
			);
			name = "ios-assignment-it18117356";
			productName = "ios-assignment-it18117356";
			productReference = 910408D42642FF7F00EB9EAA /* ios-assignment-it18117356.app */;
			productType = "com.apple.product-type.application";
		};
/* End PBXNativeTarget section */

/* Begin PBXProject section */
		910408CC2642FF7F00EB9EAA /* Project object */ = {
			isa = PBXProject;
			attributes = {
				LastSwiftUpdateCheck = 1240;
				LastUpgradeCheck = 1240;
				TargetAttributes = {
					910408D32642FF7F00EB9EAA = {
						CreatedOnToolsVersion = 12.4;
					};
				};
			};
			buildConfigurationList = 910408CF2642FF7F00EB9EAA /* Build configuration list for PBXProject "ios-assignment-it18117356" */;
			compatibilityVersion = "Xcode 9.3";
			developmentRegion = en;
			hasScannedForEncodings = 0;
			knownRegions = (
				en,
				Base,
			);
			mainGroup = 910408CB2642FF7F00EB9EAA;
			productRefGroup = 910408D52642FF7F00EB9EAA /* Products */;
			projectDirPath = "";
			projectRoot = "";
			targets = (
				910408D32642FF7F00EB9EAA /* ios-assignment-it18117356 */,
			);
		};
/* End PBXProject section */

/* Begin PBXResourcesBuildPhase section */
		910408D22642FF7F00EB9EAA /* Resources */ = {
			isa = PBXResourcesBuildPhase;
			buildActionMask = 2147483647;
			files = (
				910408E42642FF8000EB9EAA /* LaunchScreen.storyboard in Resources */,
				910408E12642FF8000EB9EAA /* Assets.xcassets in Resources */,
				910408DF2642FF7F00EB9EAA /* Main.storyboard in Resources */,
			);
			runOnlyForDeploymentPostprocessing = 0;
		};
/* End PBXResourcesBuildPhase section */

/* Begin PBXSourcesBuildPhase section */
		910408D02642FF7F00EB9EAA /* Sources */ = {
			isa = PBXSourcesBuildPhase;
			buildActionMask = 2147483647;
			files = (
				910408DC2642FF7F00EB9EAA /* ViewController.swift in Sources */,
				910408D82642FF7F00EB9EAA /* AppDelegate.swift in Sources */,
				910408DA2642FF7F00EB9EAA /* SceneDelegate.swift in Sources */,
			);
			runOnlyForDeploymentPostprocessing = 0;
		};
/* End PBXSourcesBuildPhase section */

/* Begin PBXVariantGroup section */
		910408DD2642FF7F00EB9EAA /* Main.storyboard */ = {
			isa = PBXVariantGroup;
			children = (
				910408DE2642FF7F00EB9EAA /* Base */,
			);
			name = Main.storyboard;
			sourceTree = "<group>";
		};
		910408E22642FF8000EB9EAA /* LaunchScreen.storyboard */ = {
			isa = PBXVariantGroup;
			children = (
				910408E32642FF8000EB9EAA /* Base */,
			);
			name = LaunchScreen.storyboard;
			sourceTree = "<group>";
		};
/* End PBXVariantGroup section */

/* Begin XCBuildConfiguration section */
		910408E62642FF8000EB9EAA /* Debug */ = {
			isa = XCBuildConfiguration;
			buildSettings = {
				ALWAYS_SEARCH_USER_PATHS = NO;
				CLANG_ANALYZER_NONNULL = YES;
				CLANG_ANALYZER_NUMBER_OBJECT_CONVERSION = YES_AGGRESSIVE;
				CLANG_CXX_LANGUAGE_STANDARD = "gnu++14";
				CLANG_CXX_LIBRARY = "libc++";
				CLANG_ENABLE_MODULES = YES;
				CLANG_ENABLE_OBJC_ARC = YES;
				CLANG_ENABLE_OBJC_WEAK = YES;
				CLANG_WARN_BLOCK_CAPTURE_AUTORELEASING = YES;
				CLANG_WARN_BOOL_CONVERSION = YES;
				CLANG_WARN_COMMA = YES;
				CLANG_WARN_CONSTANT_CONVERSION = YES;
				CLANG_WARN_DEPRECATED_OBJC_IMPLEMENTATIONS = YES;
				CLANG_WARN_DIRECT_OBJC_ISA_USAGE = YES_ERROR;
				CLANG_WARN_DOCUMENTATION_COMMENTS = YES;
				CLANG_WARN_EMPTY_BODY = YES;
				CLANG_WARN_ENUM_CONVERSION = YES;
				CLANG_WARN_INFINITE_RECURSION = YES;
				CLANG_WARN_INT_CONVERSION = YES;
				CLANG_WARN_NON_LITERAL_NULL_CONVERSION = YES;
				CLANG_WARN_OBJC_IMPLICIT_RETAIN_SELF = YES;
				CLANG_WARN_OBJC_LITERAL_CONVERSION = YES;
				CLANG_WARN_OBJC_ROOT_CLASS = YES_ERROR;
				CLANG_WARN_QUOTED_INCLUDE_IN_FRAMEWORK_HEADER = YES;
				CLANG_WARN_RANGE_LOOP_ANALYSIS = YES;
				CLANG_WARN_STRICT_PROTOTYPES = YES;
				CLANG_WARN_SUSPICIOUS_MOVE = YES;
				CLANG_WARN_UNGUARDED_AVAILABILITY = YES_AGGRESSIVE;
				CLANG_WARN_UNREACHABLE_CODE = YES;
				CLANG_WARN__DUPLICATE_METHOD_MATCH = YES;
				COPY_PHASE_STRIP = NO;
				DEBUG_INFORMATION_FORMAT = dwarf;
				ENABLE_STRICT_OBJC_MSGSEND = YES;
				ENABLE_TESTABILITY = YES;
				GCC_C_LANGUAGE_STANDARD = gnu11;
				GCC_DYNAMIC_NO_PIC = NO;
				GCC_NO_COMMON_BLOCKS = YES;
				GCC_OPTIMIZATION_LEVEL = 0;
				GCC_PREPROCESSOR_DEFINITIONS = (
					"DEBUG=1",
					"$(inherited)",
				);
				GCC_WARN_64_TO_32_BIT_CONVERSION = YES;
				GCC_WARN_ABOUT_RETURN_TYPE = YES_ERROR;
				GCC_WARN_UNDECLARED_SELECTOR = YES;
				GCC_WARN_UNINITIALIZED_AUTOS = YES_AGGRESSIVE;
				GCC_WARN_UNUSED_FUNCTION = YES;
				GCC_WARN_UNUSED_VARIABLE = YES;
				IPHONEOS_DEPLOYMENT_TARGET = 14.4;
				MTL_ENABLE_DEBUG_INFO = INCLUDE_SOURCE;
				MTL_FAST_MATH = YES;
				ONLY_ACTIVE_ARCH = YES;
				SDKROOT = iphoneos;
				SWIFT_ACTIVE_COMPILATION_CONDITIONS = DEBUG;
				SWIFT_OPTIMIZATION_LEVEL = "-Onone";
			};
			name = Debug;
		};
		910408E72642FF8000EB9EAA /* Release */ = {
			isa = XCBuildConfiguration;
			buildSettings = {
				ALWAYS_SEARCH_USER_PATHS = NO;
				CLANG_ANALYZER_NONNULL = YES;
				CLANG_ANALYZER_NUMBER_OBJECT_CONVERSION = YES_AGGRESSIVE;
				CLANG_CXX_LANGUAGE_STANDARD = "gnu++14";
				CLANG_CXX_LIBRARY = "libc++";
				CLANG_ENABLE_MODULES = YES;
				CLANG_ENABLE_OBJC_ARC = YES;
				CLANG_ENABLE_OBJC_WEAK = YES;
				CLANG_WARN_BLOCK_CAPTURE_AUTORELEASING = YES;
				CLANG_WARN_BOOL_CONVERSION = YES;
				CLANG_WARN_COMMA = YES;
				CLANG_WARN_CONSTANT_CONVERSION = YES;
				CLANG_WARN_DEPRECATED_OBJC_IMPLEMENTATIONS = YES;
				CLANG_WARN_DIRECT_OBJC_ISA_USAGE = YES_ERROR;
				CLANG_WARN_DOCUMENTATION_COMMENTS = YES;
				CLANG_WARN_EMPTY_BODY = YES;
				CLANG_WARN_ENUM_CONVERSION = YES;
				CLANG_WARN_INFINITE_RECURSION = YES;
				CLANG_WARN_INT_CONVERSION = YES;
				CLANG_WARN_NON_LITERAL_NULL_CONVERSION = YES;
				CLANG_WARN_OBJC_IMPLICIT_RETAIN_SELF = YES;
				CLANG_WARN_OBJC_LITERAL_CONVERSION = YES;
				CLANG_WARN_OBJC_ROOT_CLASS = YES_ERROR;
				CLANG_WARN_QUOTED_INCLUDE_IN_FRAMEWORK_HEADER = YES;
				CLANG_WARN_RANGE_LOOP_ANALYSIS = YES;
				CLANG_WARN_STRICT_PROTOTYPES = YES;
				CLANG_WARN_SUSPICIOUS_MOVE = YES;
				CLANG_WARN_UNGUARDED_AVAILABILITY = YES_AGGRESSIVE;
				CLANG_WARN_UNREACHABLE_CODE = YES;
				CLANG_WARN__DUPLICATE_METHOD_MATCH = YES;
				COPY_PHASE_STRIP = NO;
				DEBUG_INFORMATION_FORMAT = "dwarf-with-dsym";
				ENABLE_NS_ASSERTIONS = NO;
				ENABLE_STRICT_OBJC_MSGSEND = YES;
				GCC_C_LANGUAGE_STANDARD = gnu11;
				GCC_NO_COMMON_BLOCKS = YES;
				GCC_WARN_64_TO_32_BIT_CONVERSION = YES;
				GCC_WARN_ABOUT_RETURN_TYPE = YES_ERROR;
				GCC_WARN_UNDECLARED_SELECTOR = YES;
				GCC_WARN_UNINITIALIZED_AUTOS = YES_AGGRESSIVE;
				GCC_WARN_UNUSED_FUNCTION = YES;
				GCC_WARN_UNUSED_VARIABLE = YES;
				IPHONEOS_DEPLOYMENT_TARGET = 14.4;
				MTL_ENABLE_DEBUG_INFO = NO;
				MTL_FAST_MATH = YES;
				SDKROOT = iphoneos;
				SWIFT_COMPILATION_MODE = wholemodule;
				SWIFT_OPTIMIZATION_LEVEL = "-O";
				VALIDATE_PRODUCT = YES;
			};
			name = Release;
		};
		910408E92642FF8000EB9EAA /* Debug */ = {
			isa = XCBuildConfiguration;
			buildSettings = {
				ASSETCATALOG_COMPILER_APPICON_NAME = AppIcon;
				ASSETCATALOG_COMPILER_GLOBAL_ACCENT_COLOR_NAME = AccentColor;
				CODE_SIGN_STYLE = Automatic;
				DEVELOPMENT_TEAM = 2K9PT659PG;
				INFOPLIST_FILE = "ios-assignment-it18117356/Info.plist";
				LD_RUNPATH_SEARCH_PATHS = (
					"$(inherited)",
					"@executable_path/Frameworks",
				);
				PRODUCT_BUNDLE_IDENTIFIER = "Chiran.ios-assignment-it18117356";
				PRODUCT_NAME = "$(TARGET_NAME)";
				SWIFT_VERSION = 5.0;
				TARGETED_DEVICE_FAMILY = "1,2";
			};
			name = Debug;
		};
		910408EA2642FF8000EB9EAA /* Release */ = {
			isa = XCBuildConfiguration;
			buildSettings = {
				ASSETCATALOG_COMPILER_APPICON_NAME = AppIcon;
				ASSETCATALOG_COMPILER_GLOBAL_ACCENT_COLOR_NAME = AccentColor;
				CODE_SIGN_STYLE = Automatic;
				DEVELOPMENT_TEAM = 2K9PT659PG;
				INFOPLIST_FILE = "ios-assignment-it18117356/Info.plist";
				LD_RUNPATH_SEARCH_PATHS = (
					"$(inherited)",
					"@executable_path/Frameworks",
				);
				PRODUCT_BUNDLE_IDENTIFIER = "Chiran.ios-assignment-it18117356";
				PRODUCT_NAME = "$(TARGET_NAME)";
				SWIFT_VERSION = 5.0;
				TARGETED_DEVICE_FAMILY = "1,2";
			};
			name = Release;
		};
/* End XCBuildConfiguration section */

/* Begin XCConfigurationList section */
		910408CF2642FF7F00EB9EAA /* Build configuration list for PBXProject "ios-assignment-it18117356" */ = {
			isa = XCConfigurationList;
			buildConfigurations = (
				910408E62642FF8000EB9EAA /* Debug */,
				910408E72642FF8000EB9EAA /* Release */,
			);
			defaultConfigurationIsVisible = 0;
			defaultConfigurationName = Release;
		};
		910408E82642FF8000EB9EAA /* Build configuration list for PBXNativeTarget "ios-assignment-it18117356" */ = {
			isa = XCConfigurationList;
			buildConfigurations = (
				910408E92642FF8000EB9EAA /* Debug */,
				910408EA2642FF8000EB9EAA /* Release */,
			);
			defaultConfigurationIsVisible = 0;
			defaultConfigurationName = Release;
		};
/* End XCConfigurationList section */
	};
	rootObject = 910408CC2642FF7F00EB9EAA /* Project object */;
}
